
Microsoft Visual Studio Solution File, Format Version 12.00
# Visual Studio Version 16
VisualStudioVersion = 16.0.31613.86
MinimumVisualStudioVersion = 10.0.40219.1
Project("{FAE04EC0-301F-11D3-BF4B-00C04F79EFBC}") = "CSharp_learning_MyList", "CSharp_learning_MyList\CSharp_learning_MyList.csproj", "{271A139A-DFE0-4D9A-8BF2-8D5FD3C9FD47}"
EndProject
Global
	GlobalSection(SolutionConfigurationPlatforms) = preSolution
		Debug|Any CPU = Debug|Any CPU
		Release|Any CPU = Release|Any CPU
	EndGlobalSection
	GlobalSection(ProjectConfigurationPlatforms) = postSolution
		{271A139A-DFE0-4D9A-8BF2-8D5FD3C9FD47}.Debug|Any CPU.ActiveCfg = Debug|Any CPU
		{271A139A-DFE0-4D9A-8BF2-8D5FD3C9FD47}.Debug|Any CPU.Build.0 = Debug|Any CPU
		{271A139A-DFE0-4D9A-8BF2-8D5FD3C9FD47}.Release|Any CPU.ActiveCfg = Release|Any CPU
		{271A139A-DFE0-4D9A-8BF2-8D5FD3C9FD47}.Release|Any CPU.Build.0 = Release|Any CPU
	EndGlobalSection
	GlobalSection(SolutionProperties) = preSolution
		HideSolutionNode = FALSE
	EndGlobalSection
	GlobalSection(ExtensibilityGlobals) = postSolution
		SolutionGuid = {3A3E8D78-31CB-4726-8724-6FA6B10AC343}
	EndGlobalSection
EndGlobal
