
Microsoft Visual Studio Solution File, Format Version 12.00
# Visual Studio Version 17
VisualStudioVersion = 17.5.002.0
MinimumVisualStudioVersion = 10.0.40219.1
Project("{9A19103F-16F7-4668-BE54-9A1E7A4F7556}") = "LINQ", "LINQ.csproj", "{6BE6C2D4-4E79-4305-9273-F1838D0FD6C2}"
EndProject
Global
	GlobalSection(SolutionConfigurationPlatforms) = preSolution
		Debug|Any CPU = Debug|Any CPU
		Release|Any CPU = Release|Any CPU
	EndGlobalSection
	GlobalSection(ProjectConfigurationPlatforms) = postSolution
		{6BE6C2D4-4E79-4305-9273-F1838D0FD6C2}.Debug|Any CPU.ActiveCfg = Debug|Any CPU
		{6BE6C2D4-4E79-4305-9273-F1838D0FD6C2}.Debug|Any CPU.Build.0 = Debug|Any CPU
		{6BE6C2D4-4E79-4305-9273-F1838D0FD6C2}.Release|Any CPU.ActiveCfg = Release|Any CPU
		{6BE6C2D4-4E79-4305-9273-F1838D0FD6C2}.Release|Any CPU.Build.0 = Release|Any CPU
	EndGlobalSection
	GlobalSection(SolutionProperties) = preSolution
		HideSolutionNode = FALSE
	EndGlobalSection
	GlobalSection(ExtensibilityGlobals) = postSolution
		SolutionGuid = {8871DA5D-C892-4200-AE47-FCA8DBDFADEA}
	EndGlobalSection
EndGlobal
